
Microsoft Visual Studio Solution File, Format Version 12.00
# Visual Studio Version 17
VisualStudioVersion = 17.13.35931.197
MinimumVisualStudioVersion = 10.0.40219.1
Project("{FAE04EC0-301F-11D3-BF4B-00C04F79EFBC}") = "EarthSentry.Server", "EarthSentry.Server\EarthSentry.Server.csproj", "{44A59DA4-ACD6-4C6A-939C-F361C99098F2}"
	ProjectSection(ProjectDependencies) = postProject
		{57059EC6-E90B-4CBB-9EAB-A4783C13E8F6} = {57059EC6-E90B-4CBB-9EAB-A4783C13E8F6}
		{DF6968DA-3534-463D-ADC2-D1A676D1FD35} = {DF6968DA-3534-463D-ADC2-D1A676D1FD35}
	EndProjectSection
EndProject
Project("{2150E333-8FDC-42A3-9474-1A3956D46DE8}") = "1.Presentation", "1.Presentation", "{2300FC25-0D6C-49DA-8273-C4B93262ADBF}"
EndProject
Project("{2150E333-8FDC-42A3-9474-1A3956D46DE8}") = "2.Business", "2.Business", "{24FF8498-DACA-4774-94B6-15EA16D0DC3F}"
EndProject
Project("{2150E333-8FDC-42A3-9474-1A3956D46DE8}") = "3.Infrastructure", "3.Infrastructure", "{2C3F0802-E0A5-44F6-AD6C-83885B2D821A}"
EndProject
Project("{FAE04EC0-301F-11D3-BF4B-00C04F79EFBC}") = "EarthSentry.Domain", "EarthSentry.Domain\EarthSentry.Domain.csproj", "{D9734B36-A05D-4106-8637-9D2699EF1CF7}"
	ProjectSection(ProjectDependencies) = postProject
		{100F3F8A-1FA3-401C-A4E3-BF6F82ED12B9} = {100F3F8A-1FA3-401C-A4E3-BF6F82ED12B9}
		{57059EC6-E90B-4CBB-9EAB-A4783C13E8F6} = {57059EC6-E90B-4CBB-9EAB-A4783C13E8F6}
		{DF6968DA-3534-463D-ADC2-D1A676D1FD35} = {DF6968DA-3534-463D-ADC2-D1A676D1FD35}
	EndProjectSection
EndProject
Project("{FAE04EC0-301F-11D3-BF4B-00C04F79EFBC}") = "EarthSentry.Data", "EarthSentry.Data\EarthSentry.Data.csproj", "{100F3F8A-1FA3-401C-A4E3-BF6F82ED12B9}"
EndProject
Project("{FAE04EC0-301F-11D3-BF4B-00C04F79EFBC}") = "EarthSentry.CrossCutting", "EarthSentry.CrossCutting\EarthSentry.CrossCutting.csproj", "{DF6968DA-3534-463D-ADC2-D1A676D1FD35}"
EndProject
Project("{FAE04EC0-301F-11D3-BF4B-00C04F79EFBC}") = "EarthSentry.Contracts", "EarthSentry.Contracts\EarthSentry.Contracts.csproj", "{57059EC6-E90B-4CBB-9EAB-A4783C13E8F6}"
EndProject
Project("{2150E333-8FDC-42A3-9474-1A3956D46DE8}") = "4.Database", "4.Database", "{5125E92C-518C-4FFD-8F38-7BE13A1770E9}"
EndProject
Project("{2150E333-8FDC-42A3-9474-1A3956D46DE8}") = "Scripts", "Scripts", "{66EF0330-4E44-4B81-B6B5-B46828C47988}"
	ProjectSection(SolutionItems) = preProject
		Documentation\Database\1-Schema.sql = Documentation\Database\1-Schema.sql
		Documentation\Database\2-CreateUserStructure.sql = Documentation\Database\2-CreateUserStructure.sql
		Documentation\Database\3-RoleInput.sql = Documentation\Database\3-RoleInput.sql
		Documentation\Database\4-CreatePostStructure.sql = Documentation\Database\4-CreatePostStructure.sql
	EndProjectSection
EndProject
Project("{2150E333-8FDC-42A3-9474-1A3956D46DE8}") = "5.Infrastructure", "5.Infrastructure", "{ADF43E63-AF1E-4AEE-BAFF-F9B4D5F714B0}"
	ProjectSection(SolutionItems) = preProject
		Documentation\Infrastructure\0-DockerPullImage.md = Documentation\Infrastructure\0-DockerPullImage.md
		Documentation\Infrastructure\1-DatabaseRunCommand.md = Documentation\Infrastructure\1-DatabaseRunCommand.md
	EndProjectSection
EndProject
Project("{FAE04EC0-301F-11D3-BF4B-00C04F79EFBC}") = "EarthSentry.Services", "EarthSentry.Services\EarthSentry.Services.csproj", "{153CC99E-92AC-4F7B-9CDD-57073C4AA0D6}"
EndProject
Global
	GlobalSection(SolutionConfigurationPlatforms) = preSolution
		Debug|Any CPU = Debug|Any CPU
		Release|Any CPU = Release|Any CPU
	EndGlobalSection
	GlobalSection(ProjectConfigurationPlatforms) = postSolution
		{44A59DA4-ACD6-4C6A-939C-F361C99098F2}.Debug|Any CPU.ActiveCfg = Debug|Any CPU
		{44A59DA4-ACD6-4C6A-939C-F361C99098F2}.Debug|Any CPU.Build.0 = Debug|Any CPU
		{44A59DA4-ACD6-4C6A-939C-F361C99098F2}.Release|Any CPU.ActiveCfg = Release|Any CPU
		{44A59DA4-ACD6-4C6A-939C-F361C99098F2}.Release|Any CPU.Build.0 = Release|Any CPU
		{D9734B36-A05D-4106-8637-9D2699EF1CF7}.Debug|Any CPU.ActiveCfg = Debug|Any CPU
		{D9734B36-A05D-4106-8637-9D2699EF1CF7}.Debug|Any CPU.Build.0 = Debug|Any CPU
		{D9734B36-A05D-4106-8637-9D2699EF1CF7}.Release|Any CPU.ActiveCfg = Release|Any CPU
		{D9734B36-A05D-4106-8637-9D2699EF1CF7}.Release|Any CPU.Build.0 = Release|Any CPU
		{100F3F8A-1FA3-401C-A4E3-BF6F82ED12B9}.Debug|Any CPU.ActiveCfg = Debug|Any CPU
		{100F3F8A-1FA3-401C-A4E3-BF6F82ED12B9}.Debug|Any CPU.Build.0 = Debug|Any CPU
		{100F3F8A-1FA3-401C-A4E3-BF6F82ED12B9}.Release|Any CPU.ActiveCfg = Release|Any CPU
		{100F3F8A-1FA3-401C-A4E3-BF6F82ED12B9}.Release|Any CPU.Build.0 = Release|Any CPU
		{DF6968DA-3534-463D-ADC2-D1A676D1FD35}.Debug|Any CPU.ActiveCfg = Debug|Any CPU
		{DF6968DA-3534-463D-ADC2-D1A676D1FD35}.Debug|Any CPU.Build.0 = Debug|Any CPU
		{DF6968DA-3534-463D-ADC2-D1A676D1FD35}.Release|Any CPU.ActiveCfg = Release|Any CPU
		{DF6968DA-3534-463D-ADC2-D1A676D1FD35}.Release|Any CPU.Build.0 = Release|Any CPU
		{57059EC6-E90B-4CBB-9EAB-A4783C13E8F6}.Debug|Any CPU.ActiveCfg = Debug|Any CPU
		{57059EC6-E90B-4CBB-9EAB-A4783C13E8F6}.Debug|Any CPU.Build.0 = Debug|Any CPU
		{57059EC6-E90B-4CBB-9EAB-A4783C13E8F6}.Release|Any CPU.ActiveCfg = Release|Any CPU
		{57059EC6-E90B-4CBB-9EAB-A4783C13E8F6}.Release|Any CPU.Build.0 = Release|Any CPU
		{153CC99E-92AC-4F7B-9CDD-57073C4AA0D6}.Debug|Any CPU.ActiveCfg = Debug|Any CPU
		{153CC99E-92AC-4F7B-9CDD-57073C4AA0D6}.Debug|Any CPU.Build.0 = Debug|Any CPU
		{153CC99E-92AC-4F7B-9CDD-57073C4AA0D6}.Release|Any CPU.ActiveCfg = Release|Any CPU
		{153CC99E-92AC-4F7B-9CDD-57073C4AA0D6}.Release|Any CPU.Build.0 = Release|Any CPU
	EndGlobalSection
	GlobalSection(SolutionProperties) = preSolution
		HideSolutionNode = FALSE
	EndGlobalSection
	GlobalSection(NestedProjects) = preSolution
		{44A59DA4-ACD6-4C6A-939C-F361C99098F2} = {2300FC25-0D6C-49DA-8273-C4B93262ADBF}
		{D9734B36-A05D-4106-8637-9D2699EF1CF7} = {24FF8498-DACA-4774-94B6-15EA16D0DC3F}
		{100F3F8A-1FA3-401C-A4E3-BF6F82ED12B9} = {2C3F0802-E0A5-44F6-AD6C-83885B2D821A}
		{DF6968DA-3534-463D-ADC2-D1A676D1FD35} = {2C3F0802-E0A5-44F6-AD6C-83885B2D821A}
		{57059EC6-E90B-4CBB-9EAB-A4783C13E8F6} = {24FF8498-DACA-4774-94B6-15EA16D0DC3F}
		{66EF0330-4E44-4B81-B6B5-B46828C47988} = {5125E92C-518C-4FFD-8F38-7BE13A1770E9}
		{153CC99E-92AC-4F7B-9CDD-57073C4AA0D6} = {2C3F0802-E0A5-44F6-AD6C-83885B2D821A}
	EndGlobalSection
	GlobalSection(ExtensibilityGlobals) = postSolution
		SolutionGuid = {173786E8-8BB5-4D10-BE8B-A5878C6B7417}
	EndGlobalSection
EndGlobal
